
Microsoft Visual Studio Solution File, Format Version 12.00
# Visual Studio Version 17
VisualStudioVersion = 17.3.32825.248
MinimumVisualStudioVersion = 10.0.40219.1
Project("{9092AA53-FB77-4645-B42D-1CCCA6BD08BD}") = "DSFileConverter", "DSFileConverter\DSFileConverter.njsproj", "{B76BDFDB-3486-424C-A012-E4561FE329DC}"
EndProject
Global
	GlobalSection(SolutionConfigurationPlatforms) = preSolution
		Debug|Any CPU = Debug|Any CPU
		Release|Any CPU = Release|Any CPU
	EndGlobalSection
	GlobalSection(ProjectConfigurationPlatforms) = postSolution
		{B76BDFDB-3486-424C-A012-E4561FE329DC}.Debug|Any CPU.ActiveCfg = Debug|Any CPU
		{B76BDFDB-3486-424C-A012-E4561FE329DC}.Debug|Any CPU.Build.0 = Debug|Any CPU
		{B76BDFDB-3486-424C-A012-E4561FE329DC}.Release|Any CPU.ActiveCfg = Release|Any CPU
		{B76BDFDB-3486-424C-A012-E4561FE329DC}.Release|Any CPU.Build.0 = Release|Any CPU
	EndGlobalSection
	GlobalSection(SolutionProperties) = preSolution
		HideSolutionNode = FALSE
	EndGlobalSection
	GlobalSection(ExtensibilityGlobals) = postSolution
		SolutionGuid = {E66EAC89-F07F-4D61-9056-90F0C6F2EF8F}
	EndGlobalSection
EndGlobal
